// !$*UTF8*$!
{
	archiveVersion = 1;
	classes = {
	};
	objectVersion = 56;
	objects = {

/* Begin PBXBuildFile section */
		04F7600029F150E3000EE2EB /* AppDelegate.swift in Sources */ = {isa = PBXBuildFile; fileRef = 04F75FFF29F150E3000EE2EB /* AppDelegate.swift */; };
		04F7600229F150E3000EE2EB /* SceneDelegate.swift in Sources */ = {isa = PBXBuildFile; fileRef = 04F7600129F150E3000EE2EB /* SceneDelegate.swift */; };
		04F7600429F150E3000EE2EB /* ViewController.swift in Sources */ = {isa = PBXBuildFile; fileRef = 04F7600329F150E3000EE2EB /* ViewController.swift */; };
		04F7600729F150E3000EE2EB /* Main.storyboard in Resources */ = {isa = PBXBuildFile; fileRef = 04F7600529F150E3000EE2EB /* Main.storyboard */; };
		04F7600929F150E4000EE2EB /* Assets.xcassets in Resources */ = {isa = PBXBuildFile; fileRef = 04F7600829F150E4000EE2EB /* Assets.xcassets */; };
		04F7600C29F150E5000EE2EB /* LaunchScreen.storyboard in Resources */ = {isa = PBXBuildFile; fileRef = 04F7600A29F150E5000EE2EB /* LaunchScreen.storyboard */; };
		04F7601729F150E5000EE2EB /* ProductTests.swift in Sources */ = {isa = PBXBuildFile; fileRef = 04F7601629F150E5000EE2EB /* ProductTests.swift */; };
		04F7602129F150E5000EE2EB /* ProductUITests.swift in Sources */ = {isa = PBXBuildFile; fileRef = 04F7602029F150E5000EE2EB /* ProductUITests.swift */; };
		04F7602329F150E5000EE2EB /* ProductUITestsLaunchTests.swift in Sources */ = {isa = PBXBuildFile; fileRef = 04F7602229F150E5000EE2EB /* ProductUITestsLaunchTests.swift */; };
		04F7603329F1532C000EE2EB /* CollectionViewCell.swift in Sources */ = {isa = PBXBuildFile; fileRef = 04F7603129F1532C000EE2EB /* CollectionViewCell.swift */; };
		04F7603429F1532C000EE2EB /* CollectionViewCell.xib in Resources */ = {isa = PBXBuildFile; fileRef = 04F7603229F1532C000EE2EB /* CollectionViewCell.xib */; };
		04F7603629F153B8000EE2EB /* ViewController2.swift in Sources */ = {isa = PBXBuildFile; fileRef = 04F7603529F153B8000EE2EB /* ViewController2.swift */; };
		04F7603829F158E6000EE2EB /* Model.swift in Sources */ = {isa = PBXBuildFile; fileRef = 04F7603729F158E6000EE2EB /* Model.swift */; };
		04F7603A29F1597B000EE2EB /* Network.swift in Sources */ = {isa = PBXBuildFile; fileRef = 04F7603929F1597B000EE2EB /* Network.swift */; };
		04F7603E29F1F54C000EE2EB /* InfoView.swift in Sources */ = {isa = PBXBuildFile; fileRef = 04F7603D29F1F54C000EE2EB /* InfoView.swift */; };
		04F7604029F3275A000EE2EB /* ViewController3.swift in Sources */ = {isa = PBXBuildFile; fileRef = 04F7603F29F3275A000EE2EB /* ViewController3.swift */; };
		156DEC5B3BBB2EEE2E989420 /* Pods_Product_ProductUITests.framework in Frameworks */ = {isa = PBXBuildFile; fileRef = 44DC3A1400312A077C04E6E7 /* Pods_Product_ProductUITests.framework */; };
		69186F8BEA45BE664CD3D562 /* Pods_ProductTests.framework in Frameworks */ = {isa = PBXBuildFile; fileRef = 6F701C91C8E88A5BAB342D48 /* Pods_ProductTests.framework */; };
		D4C71549B97E8C58C6D81077 /* Pods_Product.framework in Frameworks */ = {isa = PBXBuildFile; fileRef = F0549E6BF95E84169AFCD398 /* Pods_Product.framework */; };
/* End PBXBuildFile section */

/* Begin PBXContainerItemProxy section */
		04F7601329F150E5000EE2EB /* PBXContainerItemProxy */ = {
			isa = PBXContainerItemProxy;
			containerPortal = 04F75FF429F150E2000EE2EB /* Project object */;
			proxyType = 1;
			remoteGlobalIDString = 04F75FFB29F150E3000EE2EB;
			remoteInfo = Product;
		};
		04F7601D29F150E5000EE2EB /* PBXContainerItemProxy */ = {
			isa = PBXContainerItemProxy;
			containerPortal = 04F75FF429F150E2000EE2EB /* Project object */;
			proxyType = 1;
			remoteGlobalIDString = 04F75FFB29F150E3000EE2EB;
			remoteInfo = Product;
		};
/* End PBXContainerItemProxy section */

/* Begin PBXFileReference section */
		04F75FFC29F150E3000EE2EB /* Product.app */ = {isa = PBXFileReference; explicitFileType = wrapper.application; includeInIndex = 0; path = Product.app; sourceTree = BUILT_PRODUCTS_DIR; };
		04F75FFF29F150E3000EE2EB /* AppDelegate.swift */ = {isa = PBXFileReference; lastKnownFileType = sourcecode.swift; path = AppDelegate.swift; sourceTree = "<group>"; };
		04F7600129F150E3000EE2EB /* SceneDelegate.swift */ = {isa = PBXFileReference; lastKnownFileType = sourcecode.swift; path = SceneDelegate.swift; sourceTree = "<group>"; };
		04F7600329F150E3000EE2EB /* ViewController.swift */ = {isa = PBXFileReference; lastKnownFileType = sourcecode.swift; path = ViewController.swift; sourceTree = "<group>"; };
		04F7600629F150E3000EE2EB /* Base */ = {isa = PBXFileReference; lastKnownFileType = file.storyboard; name = Base; path = Base.lproj/Main.storyboard; sourceTree = "<group>"; };
		04F7600829F150E4000EE2EB /* Assets.xcassets */ = {isa = PBXFileReference; lastKnownFileType = folder.assetcatalog; path = Assets.xcassets; sourceTree = "<group>"; };
		04F7600B29F150E5000EE2EB /* Base */ = {isa = PBXFileReference; lastKnownFileType = file.storyboard; name = Base; path = Base.lproj/LaunchScreen.storyboard; sourceTree = "<group>"; };
		04F7600D29F150E5000EE2EB /* Info.plist */ = {isa = PBXFileReference; lastKnownFileType = text.plist.xml; path = Info.plist; sourceTree = "<group>"; };
		04F7601229F150E5000EE2EB /* ProductTests.xctest */ = {isa = PBXFileReference; explicitFileType = wrapper.cfbundle; includeInIndex = 0; path = ProductTests.xctest; sourceTree = BUILT_PRODUCTS_DIR; };
		04F7601629F150E5000EE2EB /* ProductTests.swift */ = {isa = PBXFileReference; lastKnownFileType = sourcecode.swift; path = ProductTests.swift; sourceTree = "<group>"; };
		04F7601C29F150E5000EE2EB /* ProductUITests.xctest */ = {isa = PBXFileReference; explicitFileType = wrapper.cfbundle; includeInIndex = 0; path = ProductUITests.xctest; sourceTree = BUILT_PRODUCTS_DIR; };
		04F7602029F150E5000EE2EB /* ProductUITests.swift */ = {isa = PBXFileReference; lastKnownFileType = sourcecode.swift; path = ProductUITests.swift; sourceTree = "<group>"; };
		04F7602229F150E5000EE2EB /* ProductUITestsLaunchTests.swift */ = {isa = PBXFileReference; lastKnownFileType = sourcecode.swift; path = ProductUITestsLaunchTests.swift; sourceTree = "<group>"; };
		04F7603129F1532C000EE2EB /* CollectionViewCell.swift */ = {isa = PBXFileReference; lastKnownFileType = sourcecode.swift; path = CollectionViewCell.swift; sourceTree = "<group>"; };
		04F7603229F1532C000EE2EB /* CollectionViewCell.xib */ = {isa = PBXFileReference; lastKnownFileType = file.xib; path = CollectionViewCell.xib; sourceTree = "<group>"; };
		04F7603529F153B8000EE2EB /* ViewController2.swift */ = {isa = PBXFileReference; lastKnownFileType = sourcecode.swift; path = ViewController2.swift; sourceTree = "<group>"; };
		04F7603729F158E6000EE2EB /* Model.swift */ = {isa = PBXFileReference; lastKnownFileType = sourcecode.swift; path = Model.swift; sourceTree = "<group>"; };
		04F7603929F1597B000EE2EB /* Network.swift */ = {isa = PBXFileReference; lastKnownFileType = sourcecode.swift; path = Network.swift; sourceTree = "<group>"; };
		04F7603D29F1F54C000EE2EB /* InfoView.swift */ = {isa = PBXFileReference; lastKnownFileType = sourcecode.swift; path = InfoView.swift; sourceTree = "<group>"; };
		04F7603F29F3275A000EE2EB /* ViewController3.swift */ = {isa = PBXFileReference; lastKnownFileType = sourcecode.swift; path = ViewController3.swift; sourceTree = "<group>"; };
		06A4C86240CE3C8DAF6818B6 /* Pods-Product-ProductUITests.release.xcconfig */ = {isa = PBXFileReference; includeInIndex = 1; lastKnownFileType = text.xcconfig; name = "Pods-Product-ProductUITests.release.xcconfig"; path = "Target Support Files/Pods-Product-ProductUITests/Pods-Product-ProductUITests.release.xcconfig"; sourceTree = "<group>"; };
		44DC3A1400312A077C04E6E7 /* Pods_Product_ProductUITests.framework */ = {isa = PBXFileReference; explicitFileType = wrapper.framework; includeInIndex = 0; path = Pods_Product_ProductUITests.framework; sourceTree = BUILT_PRODUCTS_DIR; };
		4A31B13545FE5768D8E8E71E /* Pods-Product.release.xcconfig */ = {isa = PBXFileReference; includeInIndex = 1; lastKnownFileType = text.xcconfig; name = "Pods-Product.release.xcconfig"; path = "Target Support Files/Pods-Product/Pods-Product.release.xcconfig"; sourceTree = "<group>"; };
		4F6C1D11E42E6806592659A5 /* Pods-ProductTests.release.xcconfig */ = {isa = PBXFileReference; includeInIndex = 1; lastKnownFileType = text.xcconfig; name = "Pods-ProductTests.release.xcconfig"; path = "Target Support Files/Pods-ProductTests/Pods-ProductTests.release.xcconfig"; sourceTree = "<group>"; };
		6F701C91C8E88A5BAB342D48 /* Pods_ProductTests.framework */ = {isa = PBXFileReference; explicitFileType = wrapper.framework; includeInIndex = 0; path = Pods_ProductTests.framework; sourceTree = BUILT_PRODUCTS_DIR; };
		74C7763FD47947BF2C7CF485 /* Pods-Product.debug.xcconfig */ = {isa = PBXFileReference; includeInIndex = 1; lastKnownFileType = text.xcconfig; name = "Pods-Product.debug.xcconfig"; path = "Target Support Files/Pods-Product/Pods-Product.debug.xcconfig"; sourceTree = "<group>"; };
		8361B3D993C7248138C60B40 /* Pods-Product-ProductUITests.debug.xcconfig */ = {isa = PBXFileReference; includeInIndex = 1; lastKnownFileType = text.xcconfig; name = "Pods-Product-ProductUITests.debug.xcconfig"; path = "Target Support Files/Pods-Product-ProductUITests/Pods-Product-ProductUITests.debug.xcconfig"; sourceTree = "<group>"; };
		F0549E6BF95E84169AFCD398 /* Pods_Product.framework */ = {isa = PBXFileReference; explicitFileType = wrapper.framework; includeInIndex = 0; path = Pods_Product.framework; sourceTree = BUILT_PRODUCTS_DIR; };
		FE7E1F46006AC17874D32641 /* Pods-ProductTests.debug.xcconfig */ = {isa = PBXFileReference; includeInIndex = 1; lastKnownFileType = text.xcconfig; name = "Pods-ProductTests.debug.xcconfig"; path = "Target Support Files/Pods-ProductTests/Pods-ProductTests.debug.xcconfig"; sourceTree = "<group>"; };
/* End PBXFileReference section */

/* Begin PBXFrameworksBuildPhase section */
		04F75FF929F150E3000EE2EB /* Frameworks */ = {
			isa = PBXFrameworksBuildPhase;
			buildActionMask = 2147483647;
			files = (
				D4C71549B97E8C58C6D81077 /* Pods_Product.framework in Frameworks */,
			);
			runOnlyForDeploymentPostprocessing = 0;
		};
		04F7600F29F150E5000EE2EB /* Frameworks */ = {
			isa = PBXFrameworksBuildPhase;
			buildActionMask = 2147483647;
			files = (
				69186F8BEA45BE664CD3D562 /* Pods_ProductTests.framework in Frameworks */,
			);
			runOnlyForDeploymentPostprocessing = 0;
		};
		04F7601929F150E5000EE2EB /* Frameworks */ = {
			isa = PBXFrameworksBuildPhase;
			buildActionMask = 2147483647;
			files = (
				156DEC5B3BBB2EEE2E989420 /* Pods_Product_ProductUITests.framework in Frameworks */,
			);
			runOnlyForDeploymentPostprocessing = 0;
		};
/* End PBXFrameworksBuildPhase section */

/* Begin PBXGroup section */
		04F75FF329F150E2000EE2EB = {
			isa = PBXGroup;
			children = (
				04F75FFE29F150E3000EE2EB /* Product */,
				04F7601529F150E5000EE2EB /* ProductTests */,
				04F7601F29F150E5000EE2EB /* ProductUITests */,
				04F75FFD29F150E3000EE2EB /* Products */,
				100A833C1989BA7EDA829AC4 /* Pods */,
				A99F2011D3CEFFC207A497EB /* Frameworks */,
			);
			sourceTree = "<group>";
		};
		04F75FFD29F150E3000EE2EB /* Products */ = {
			isa = PBXGroup;
			children = (
				04F75FFC29F150E3000EE2EB /* Product.app */,
				04F7601229F150E5000EE2EB /* ProductTests.xctest */,
				04F7601C29F150E5000EE2EB /* ProductUITests.xctest */,
			);
			name = Products;
			sourceTree = "<group>";
		};
		04F75FFE29F150E3000EE2EB /* Product */ = {
			isa = PBXGroup;
			children = (
				04F75FFF29F150E3000EE2EB /* AppDelegate.swift */,
				04F7600129F150E3000EE2EB /* SceneDelegate.swift */,
				04F7600329F150E3000EE2EB /* ViewController.swift */,
				04F7600529F150E3000EE2EB /* Main.storyboard */,
				04F7600829F150E4000EE2EB /* Assets.xcassets */,
				04F7600A29F150E5000EE2EB /* LaunchScreen.storyboard */,
				04F7600D29F150E5000EE2EB /* Info.plist */,
				04F7603129F1532C000EE2EB /* CollectionViewCell.swift */,
				04F7603229F1532C000EE2EB /* CollectionViewCell.xib */,
				04F7603529F153B8000EE2EB /* ViewController2.swift */,
				04F7603729F158E6000EE2EB /* Model.swift */,
				04F7603929F1597B000EE2EB /* Network.swift */,
				04F7603D29F1F54C000EE2EB /* InfoView.swift */,
				04F7603F29F3275A000EE2EB /* ViewController3.swift */,
			);
			path = Product;
			sourceTree = "<group>";
		};
		04F7601529F150E5000EE2EB /* ProductTests */ = {
			isa = PBXGroup;
			children = (
				04F7601629F150E5000EE2EB /* ProductTests.swift */,
			);
			path = ProductTests;
			sourceTree = "<group>";
		};
		04F7601F29F150E5000EE2EB /* ProductUITests */ = {
			isa = PBXGroup;
			children = (
				04F7602029F150E5000EE2EB /* ProductUITests.swift */,
				04F7602229F150E5000EE2EB /* ProductUITestsLaunchTests.swift */,
			);
			path = ProductUITests;
			sourceTree = "<group>";
		};
		100A833C1989BA7EDA829AC4 /* Pods */ = {
			isa = PBXGroup;
			children = (
				74C7763FD47947BF2C7CF485 /* Pods-Product.debug.xcconfig */,
				4A31B13545FE5768D8E8E71E /* Pods-Product.release.xcconfig */,
				8361B3D993C7248138C60B40 /* Pods-Product-ProductUITests.debug.xcconfig */,
				06A4C86240CE3C8DAF6818B6 /* Pods-Product-ProductUITests.release.xcconfig */,
				FE7E1F46006AC17874D32641 /* Pods-ProductTests.debug.xcconfig */,
				4F6C1D11E42E6806592659A5 /* Pods-ProductTests.release.xcconfig */,
			);
			path = Pods;
			sourceTree = "<group>";
		};
		A99F2011D3CEFFC207A497EB /* Frameworks */ = {
			isa = PBXGroup;
			children = (
				F0549E6BF95E84169AFCD398 /* Pods_Product.framework */,
				44DC3A1400312A077C04E6E7 /* Pods_Product_ProductUITests.framework */,
				6F701C91C8E88A5BAB342D48 /* Pods_ProductTests.framework */,
			);
			name = Frameworks;
			sourceTree = "<group>";
		};
/* End PBXGroup section */

/* Begin PBXNativeTarget section */
		04F75FFB29F150E3000EE2EB /* Product */ = {
			isa = PBXNativeTarget;
			buildConfigurationList = 04F7602629F150E5000EE2EB /* Build configuration list for PBXNativeTarget "Product" */;
			buildPhases = (
				BBAD1A1C80E492B9573E561B /* [CP] Check Pods Manifest.lock */,
				04F75FF829F150E3000EE2EB /* Sources */,
				04F75FF929F150E3000EE2EB /* Frameworks */,
				04F75FFA29F150E3000EE2EB /* Resources */,
				1110B5BD1EC1696918FA6BDE /* [CP] Embed Pods Frameworks */,
			);
			buildRules = (
			);
			dependencies = (
			);
			name = Product;
			productName = Product;
			productReference = 04F75FFC29F150E3000EE2EB /* Product.app */;
			productType = "com.apple.product-type.application";
		};
		04F7601129F150E5000EE2EB /* ProductTests */ = {
			isa = PBXNativeTarget;
			buildConfigurationList = 04F7602929F150E5000EE2EB /* Build configuration list for PBXNativeTarget "ProductTests" */;
			buildPhases = (
				0302535A78165E6142767BE2 /* [CP] Check Pods Manifest.lock */,
				04F7600E29F150E5000EE2EB /* Sources */,
				04F7600F29F150E5000EE2EB /* Frameworks */,
				04F7601029F150E5000EE2EB /* Resources */,
			);
			buildRules = (
			);
			dependencies = (
				04F7601429F150E5000EE2EB /* PBXTargetDependency */,
			);
			name = ProductTests;
			productName = ProductTests;
			productReference = 04F7601229F150E5000EE2EB /* ProductTests.xctest */;
			productType = "com.apple.product-type.bundle.unit-test";
		};
		04F7601B29F150E5000EE2EB /* ProductUITests */ = {
			isa = PBXNativeTarget;
			buildConfigurationList = 04F7602C29F150E5000EE2EB /* Build configuration list for PBXNativeTarget "ProductUITests" */;
			buildPhases = (
				0ACFE28E0927C0AF4F586376 /* [CP] Check Pods Manifest.lock */,
				04F7601829F150E5000EE2EB /* Sources */,
				04F7601929F150E5000EE2EB /* Frameworks */,
				04F7601A29F150E5000EE2EB /* Resources */,
				A04E570976C895DF4E85615B /* [CP] Embed Pods Frameworks */,
			);
			buildRules = (
			);
			dependencies = (
				04F7601E29F150E5000EE2EB /* PBXTargetDependency */,
			);
			name = ProductUITests;
			productName = ProductUITests;
			productReference = 04F7601C29F150E5000EE2EB /* ProductUITests.xctest */;
			productType = "com.apple.product-type.bundle.ui-testing";
		};
/* End PBXNativeTarget section */

/* Begin PBXProject section */
		04F75FF429F150E2000EE2EB /* Project object */ = {
			isa = PBXProject;
			attributes = {
				BuildIndependentTargetsInParallel = 1;
				LastSwiftUpdateCheck = 1410;
				LastUpgradeCheck = 1410;
				TargetAttributes = {
					04F75FFB29F150E3000EE2EB = {
						CreatedOnToolsVersion = 14.1;
					};
					04F7601129F150E5000EE2EB = {
						CreatedOnToolsVersion = 14.1;
						TestTargetID = 04F75FFB29F150E3000EE2EB;
					};
					04F7601B29F150E5000EE2EB = {
						CreatedOnToolsVersion = 14.1;
						TestTargetID = 04F75FFB29F150E3000EE2EB;
					};
				};
			};
			buildConfigurationList = 04F75FF729F150E2000EE2EB /* Build configuration list for PBXProject "Product" */;
			compatibilityVersion = "Xcode 14.0";
			developmentRegion = en;
			hasScannedForEncodings = 0;
			knownRegions = (
				en,
				Base,
			);
			mainGroup = 04F75FF329F150E2000EE2EB;
			productRefGroup = 04F75FFD29F150E3000EE2EB /* Products */;
			projectDirPath = "";
			projectRoot = "";
			targets = (
				04F75FFB29F150E3000EE2EB /* Product */,
				04F7601129F150E5000EE2EB /* ProductTests */,
				04F7601B29F150E5000EE2EB /* ProductUITests */,
			);
		};
/* End PBXProject section */

/* Begin PBXResourcesBuildPhase section */
		04F75FFA29F150E3000EE2EB /* Resources */ = {
			isa = PBXResourcesBuildPhase;
			buildActionMask = 2147483647;
			files = (
				04F7600C29F150E5000EE2EB /* LaunchScreen.storyboard in Resources */,
				04F7600929F150E4000EE2EB /* Assets.xcassets in Resources */,
				04F7603429F1532C000EE2EB /* CollectionViewCell.xib in Resources */,
				04F7600729F150E3000EE2EB /* Main.storyboard in Resources */,
			);
			runOnlyForDeploymentPostprocessing = 0;
		};
		04F7601029F150E5000EE2EB /* Resources */ = {
			isa = PBXResourcesBuildPhase;
			buildActionMask = 2147483647;
			files = (
			);
			runOnlyForDeploymentPostprocessing = 0;
		};
		04F7601A29F150E5000EE2EB /* Resources */ = {
			isa = PBXResourcesBuildPhase;
			buildActionMask = 2147483647;
			files = (
			);
			runOnlyForDeploymentPostprocessing = 0;
		};
/* End PBXResourcesBuildPhase section */

/* Begin PBXShellScriptBuildPhase section */
		0302535A78165E6142767BE2 /* [CP] Check Pods Manifest.lock */ = {
			isa = PBXShellScriptBuildPhase;
			buildActionMask = 2147483647;
			files = (
			);
			inputFileListPaths = (
			);
			inputPaths = (
				"${PODS_PODFILE_DIR_PATH}/Podfile.lock",
				"${PODS_ROOT}/Manifest.lock",
			);
			name = "[CP] Check Pods Manifest.lock";
			outputFileListPaths = (
			);
			outputPaths = (
				"$(DERIVED_FILE_DIR)/Pods-ProductTests-checkManifestLockResult.txt",
			);
			runOnlyForDeploymentPostprocessing = 0;
			shellPath = /bin/sh;
			shellScript = "diff \"${PODS_PODFILE_DIR_PATH}/Podfile.lock\" \"${PODS_ROOT}/Manifest.lock\" > /dev/null\nif [ $? != 0 ] ; then\n    # print error to STDERR\n    echo \"error: The sandbox is not in sync with the Podfile.lock. Run 'pod install' or update your CocoaPods installation.\" >&2\n    exit 1\nfi\n# This output is used by Xcode 'outputs' to avoid re-running this script phase.\necho \"SUCCESS\" > \"${SCRIPT_OUTPUT_FILE_0}\"\n";
			showEnvVarsInLog = 0;
		};
		0ACFE28E0927C0AF4F586376 /* [CP] Check Pods Manifest.lock */ = {
			isa = PBXShellScriptBuildPhase;
			buildActionMask = 2147483647;
			files = (
			);
			inputFileListPaths = (
			);
			inputPaths = (
				"${PODS_PODFILE_DIR_PATH}/Podfile.lock",
				"${PODS_ROOT}/Manifest.lock",
			);
			name = "[CP] Check Pods Manifest.lock";
			outputFileListPaths = (
			);
			outputPaths = (
				"$(DERIVED_FILE_DIR)/Pods-Product-ProductUITests-checkManifestLockResult.txt",
			);
			runOnlyForDeploymentPostprocessing = 0;
			shellPath = /bin/sh;
			shellScript = "diff \"${PODS_PODFILE_DIR_PATH}/Podfile.lock\" \"${PODS_ROOT}/Manifest.lock\" > /dev/null\nif [ $? != 0 ] ; then\n    # print error to STDERR\n    echo \"error: The sandbox is not in sync with the Podfile.lock. Run 'pod install' or update your CocoaPods installation.\" >&2\n    exit 1\nfi\n# This output is used by Xcode 'outputs' to avoid re-running this script phase.\necho \"SUCCESS\" > \"${SCRIPT_OUTPUT_FILE_0}\"\n";
			showEnvVarsInLog = 0;
		};
		1110B5BD1EC1696918FA6BDE /* [CP] Embed Pods Frameworks */ = {
			isa = PBXShellScriptBuildPhase;
			buildActionMask = 2147483647;
			files = (
			);
			inputFileListPaths = (
				"${PODS_ROOT}/Target Support Files/Pods-Product/Pods-Product-frameworks-${CONFIGURATION}-input-files.xcfilelist",
			);
			name = "[CP] Embed Pods Frameworks";
			outputFileListPaths = (
				"${PODS_ROOT}/Target Support Files/Pods-Product/Pods-Product-frameworks-${CONFIGURATION}-output-files.xcfilelist",
			);
			runOnlyForDeploymentPostprocessing = 0;
			shellPath = /bin/sh;
			shellScript = "\"${PODS_ROOT}/Target Support Files/Pods-Product/Pods-Product-frameworks.sh\"\n";
			showEnvVarsInLog = 0;
		};
		A04E570976C895DF4E85615B /* [CP] Embed Pods Frameworks */ = {
			isa = PBXShellScriptBuildPhase;
			buildActionMask = 2147483647;
			files = (
			);
			inputFileListPaths = (
				"${PODS_ROOT}/Target Support Files/Pods-Product-ProductUITests/Pods-Product-ProductUITests-frameworks-${CONFIGURATION}-input-files.xcfilelist",
			);
			name = "[CP] Embed Pods Frameworks";
			outputFileListPaths = (
				"${PODS_ROOT}/Target Support Files/Pods-Product-ProductUITests/Pods-Product-ProductUITests-frameworks-${CONFIGURATION}-output-files.xcfilelist",
			);
			runOnlyForDeploymentPostprocessing = 0;
			shellPath = /bin/sh;
			shellScript = "\"${PODS_ROOT}/Target Support Files/Pods-Product-ProductUITests/Pods-Product-ProductUITests-frameworks.sh\"\n";
			showEnvVarsInLog = 0;
		};
		BBAD1A1C80E492B9573E561B /* [CP] Check Pods Manifest.lock */ = {
			isa = PBXShellScriptBuildPhase;
			buildActionMask = 2147483647;
			files = (
			);
			inputFileListPaths = (
			);
			inputPaths = (
				"${PODS_PODFILE_DIR_PATH}/Podfile.lock",
				"${PODS_ROOT}/Manifest.lock",
			);
			name = "[CP] Check Pods Manifest.lock";
			outputFileListPaths = (
			);
			outputPaths = (
				"$(DERIVED_FILE_DIR)/Pods-Product-checkManifestLockResult.txt",
			);
			runOnlyForDeploymentPostprocessing = 0;
			shellPath = /bin/sh;
			shellScript = "diff \"${PODS_PODFILE_DIR_PATH}/Podfile.lock\" \"${PODS_ROOT}/Manifest.lock\" > /dev/null\nif [ $? != 0 ] ; then\n    # print error to STDERR\n    echo \"error: The sandbox is not in sync with the Podfile.lock. Run 'pod install' or update your CocoaPods installation.\" >&2\n    exit 1\nfi\n# This output is used by Xcode 'outputs' to avoid re-running this script phase.\necho \"SUCCESS\" > \"${SCRIPT_OUTPUT_FILE_0}\"\n";
			showEnvVarsInLog = 0;
		};
/* End PBXShellScriptBuildPhase section */

/* Begin PBXSourcesBuildPhase section */
		04F75FF829F150E3000EE2EB /* Sources */ = {
			isa = PBXSourcesBuildPhase;
			buildActionMask = 2147483647;
			files = (
				04F7603E29F1F54C000EE2EB /* InfoView.swift in Sources */,
				04F7603629F153B8000EE2EB /* ViewController2.swift in Sources */,
				04F7604029F3275A000EE2EB /* ViewController3.swift in Sources */,
				04F7600429F150E3000EE2EB /* ViewController.swift in Sources */,
				04F7600029F150E3000EE2EB /* AppDelegate.swift in Sources */,
				04F7603829F158E6000EE2EB /* Model.swift in Sources */,
				04F7603329F1532C000EE2EB /* CollectionViewCell.swift in Sources */,
				04F7603A29F1597B000EE2EB /* Network.swift in Sources */,
				04F7600229F150E3000EE2EB /* SceneDelegate.swift in Sources */,
			);
			runOnlyForDeploymentPostprocessing = 0;
		};
		04F7600E29F150E5000EE2EB /* Sources */ = {
			isa = PBXSourcesBuildPhase;
			buildActionMask = 2147483647;
			files = (
				04F7601729F150E5000EE2EB /* ProductTests.swift in Sources */,
			);
			runOnlyForDeploymentPostprocessing = 0;
		};
		04F7601829F150E5000EE2EB /* Sources */ = {
			isa = PBXSourcesBuildPhase;
			buildActionMask = 2147483647;
			files = (
				04F7602329F150E5000EE2EB /* ProductUITestsLaunchTests.swift in Sources */,
				04F7602129F150E5000EE2EB /* ProductUITests.swift in Sources */,
			);
			runOnlyForDeploymentPostprocessing = 0;
		};
/* End PBXSourcesBuildPhase section */

/* Begin PBXTargetDependency section */
		04F7601429F150E5000EE2EB /* PBXTargetDependency */ = {
			isa = PBXTargetDependency;
			target = 04F75FFB29F150E3000EE2EB /* Product */;
			targetProxy = 04F7601329F150E5000EE2EB /* PBXContainerItemProxy */;
		};
		04F7601E29F150E5000EE2EB /* PBXTargetDependency */ = {
			isa = PBXTargetDependency;
			target = 04F75FFB29F150E3000EE2EB /* Product */;
			targetProxy = 04F7601D29F150E5000EE2EB /* PBXContainerItemProxy */;
		};
/* End PBXTargetDependency section */

/* Begin PBXVariantGroup section */
		04F7600529F150E3000EE2EB /* Main.storyboard */ = {
			isa = PBXVariantGroup;
			children = (
				04F7600629F150E3000EE2EB /* Base */,
			);
			name = Main.storyboard;
			sourceTree = "<group>";
		};
		04F7600A29F150E5000EE2EB /* LaunchScreen.storyboard */ = {
			isa = PBXVariantGroup;
			children = (
				04F7600B29F150E5000EE2EB /* Base */,
			);
			name = LaunchScreen.storyboard;
			sourceTree = "<group>";
		};
/* End PBXVariantGroup section */

/* Begin XCBuildConfiguration section */
		04F7602429F150E5000EE2EB /* Debug */ = {
			isa = XCBuildConfiguration;
			buildSettings = {
				ALWAYS_SEARCH_USER_PATHS = NO;
				CLANG_ANALYZER_NONNULL = YES;
				CLANG_ANALYZER_NUMBER_OBJECT_CONVERSION = YES_AGGRESSIVE;
				CLANG_CXX_LANGUAGE_STANDARD = "gnu++20";
				CLANG_ENABLE_MODULES = YES;
				CLANG_ENABLE_OBJC_ARC = YES;
				CLANG_ENABLE_OBJC_WEAK = YES;
				CLANG_WARN_BLOCK_CAPTURE_AUTORELEASING = YES;
				CLANG_WARN_BOOL_CONVERSION = YES;
				CLANG_WARN_COMMA = YES;
				CLANG_WARN_CONSTANT_CONVERSION = YES;
				CLANG_WARN_DEPRECATED_OBJC_IMPLEMENTATIONS = YES;
				CLANG_WARN_DIRECT_OBJC_ISA_USAGE = YES_ERROR;
				CLANG_WARN_DOCUMENTATION_COMMENTS = YES;
				CLANG_WARN_EMPTY_BODY = YES;
				CLANG_WARN_ENUM_CONVERSION = YES;
				CLANG_WARN_INFINITE_RECURSION = YES;
				CLANG_WARN_INT_CONVERSION = YES;
				CLANG_WARN_NON_LITERAL_NULL_CONVERSION = YES;
				CLANG_WARN_OBJC_IMPLICIT_RETAIN_SELF = YES;
				CLANG_WARN_OBJC_LITERAL_CONVERSION = YES;
				CLANG_WARN_OBJC_ROOT_CLASS = YES_ERROR;
				CLANG_WARN_QUOTED_INCLUDE_IN_FRAMEWORK_HEADER = YES;
				CLANG_WARN_RANGE_LOOP_ANALYSIS = YES;
				CLANG_WARN_STRICT_PROTOTYPES = YES;
				CLANG_WARN_SUSPICIOUS_MOVE = YES;
				CLANG_WARN_UNGUARDED_AVAILABILITY = YES_AGGRESSIVE;
				CLANG_WARN_UNREACHABLE_CODE = YES;
				CLANG_WARN__DUPLICATE_METHOD_MATCH = YES;
				COPY_PHASE_STRIP = NO;
				DEBUG_INFORMATION_FORMAT = dwarf;
				ENABLE_STRICT_OBJC_MSGSEND = YES;
				ENABLE_TESTABILITY = YES;
				GCC_C_LANGUAGE_STANDARD = gnu11;
				GCC_DYNAMIC_NO_PIC = NO;
				GCC_NO_COMMON_BLOCKS = YES;
				GCC_OPTIMIZATION_LEVEL = 0;
				GCC_PREPROCESSOR_DEFINITIONS = (
					"DEBUG=1",
					"$(inherited)",
				);
				GCC_WARN_64_TO_32_BIT_CONVERSION = YES;
				GCC_WARN_ABOUT_RETURN_TYPE = YES_ERROR;
				GCC_WARN_UNDECLARED_SELECTOR = YES;
				GCC_WARN_UNINITIALIZED_AUTOS = YES_AGGRESSIVE;
				GCC_WARN_UNUSED_FUNCTION = YES;
				GCC_WARN_UNUSED_VARIABLE = YES;
				IPHONEOS_DEPLOYMENT_TARGET = 16.1;
				MTL_ENABLE_DEBUG_INFO = INCLUDE_SOURCE;
				MTL_FAST_MATH = YES;
				ONLY_ACTIVE_ARCH = YES;
				SDKROOT = iphoneos;
				SWIFT_ACTIVE_COMPILATION_CONDITIONS = DEBUG;
				SWIFT_OPTIMIZATION_LEVEL = "-Onone";
			};
			name = Debug;
		};
		04F7602529F150E5000EE2EB /* Release */ = {
			isa = XCBuildConfiguration;
			buildSettings = {
				ALWAYS_SEARCH_USER_PATHS = NO;
				CLANG_ANALYZER_NONNULL = YES;
				CLANG_ANALYZER_NUMBER_OBJECT_CONVERSION = YES_AGGRESSIVE;
				CLANG_CXX_LANGUAGE_STANDARD = "gnu++20";
				CLANG_ENABLE_MODULES = YES;
				CLANG_ENABLE_OBJC_ARC = YES;
				CLANG_ENABLE_OBJC_WEAK = YES;
				CLANG_WARN_BLOCK_CAPTURE_AUTORELEASING = YES;
				CLANG_WARN_BOOL_CONVERSION = YES;
				CLANG_WARN_COMMA = YES;
				CLANG_WARN_CONSTANT_CONVERSION = YES;
				CLANG_WARN_DEPRECATED_OBJC_IMPLEMENTATIONS = YES;
				CLANG_WARN_DIRECT_OBJC_ISA_USAGE = YES_ERROR;
				CLANG_WARN_DOCUMENTATION_COMMENTS = YES;
				CLANG_WARN_EMPTY_BODY = YES;
				CLANG_WARN_ENUM_CONVERSION = YES;
				CLANG_WARN_INFINITE_RECURSION = YES;
				CLANG_WARN_INT_CONVERSION = YES;
				CLANG_WARN_NON_LITERAL_NULL_CONVERSION = YES;
				CLANG_WARN_OBJC_IMPLICIT_RETAIN_SELF = YES;
				CLANG_WARN_OBJC_LITERAL_CONVERSION = YES;
				CLANG_WARN_OBJC_ROOT_CLASS = YES_ERROR;
				CLANG_WARN_QUOTED_INCLUDE_IN_FRAMEWORK_HEADER = YES;
				CLANG_WARN_RANGE_LOOP_ANALYSIS = YES;
				CLANG_WARN_STRICT_PROTOTYPES = YES;
				CLANG_WARN_SUSPICIOUS_MOVE = YES;
				CLANG_WARN_UNGUARDED_AVAILABILITY = YES_AGGRESSIVE;
				CLANG_WARN_UNREACHABLE_CODE = YES;
				CLANG_WARN__DUPLICATE_METHOD_MATCH = YES;
				COPY_PHASE_STRIP = NO;
				DEBUG_INFORMATION_FORMAT = "dwarf-with-dsym";
				ENABLE_NS_ASSERTIONS = NO;
				ENABLE_STRICT_OBJC_MSGSEND = YES;
				GCC_C_LANGUAGE_STANDARD = gnu11;
				GCC_NO_COMMON_BLOCKS = YES;
				GCC_WARN_64_TO_32_BIT_CONVERSION = YES;
				GCC_WARN_ABOUT_RETURN_TYPE = YES_ERROR;
				GCC_WARN_UNDECLARED_SELECTOR = YES;
				GCC_WARN_UNINITIALIZED_AUTOS = YES_AGGRESSIVE;
				GCC_WARN_UNUSED_FUNCTION = YES;
				GCC_WARN_UNUSED_VARIABLE = YES;
				IPHONEOS_DEPLOYMENT_TARGET = 16.1;
				MTL_ENABLE_DEBUG_INFO = NO;
				MTL_FAST_MATH = YES;
				SDKROOT = iphoneos;
				SWIFT_COMPILATION_MODE = wholemodule;
				SWIFT_OPTIMIZATION_LEVEL = "-O";
				VALIDATE_PRODUCT = YES;
			};
			name = Release;
		};
		04F7602729F150E5000EE2EB /* Debug */ = {
			isa = XCBuildConfiguration;
			baseConfigurationReference = 74C7763FD47947BF2C7CF485 /* Pods-Product.debug.xcconfig */;
			buildSettings = {
				ASSETCATALOG_COMPILER_APPICON_NAME = AppIcon;
				ASSETCATALOG_COMPILER_GLOBAL_ACCENT_COLOR_NAME = AccentColor;
				CODE_SIGN_STYLE = Automatic;
				CURRENT_PROJECT_VERSION = 1;
				DEVELOPMENT_TEAM = TU4A85R5R3;
				GENERATE_INFOPLIST_FILE = YES;
				INFOPLIST_FILE = Product/Info.plist;
				INFOPLIST_KEY_UIApplicationSupportsIndirectInputEvents = YES;
				INFOPLIST_KEY_UILaunchStoryboardName = LaunchScreen;
				INFOPLIST_KEY_UIMainStoryboardFile = Main;
				INFOPLIST_KEY_UISupportedInterfaceOrientations_iPad = "UIInterfaceOrientationPortrait UIInterfaceOrientationPortraitUpsideDown UIInterfaceOrientationLandscapeLeft UIInterfaceOrientationLandscapeRight";
				INFOPLIST_KEY_UISupportedInterfaceOrientations_iPhone = "UIInterfaceOrientationPortrait UIInterfaceOrientationLandscapeLeft UIInterfaceOrientationLandscapeRight";
				LD_RUNPATH_SEARCH_PATHS = (
					"$(inherited)",
					"@executable_path/Frameworks",
				);
				MARKETING_VERSION = 1.0;
				PRODUCT_BUNDLE_IDENTIFIER = mark2.Product;
				PRODUCT_NAME = "$(TARGET_NAME)";
				SWIFT_EMIT_LOC_STRINGS = YES;
				SWIFT_VERSION = 5.0;
				TARGETED_DEVICE_FAMILY = "1,2";
			};
			name = Debug;
		};
		04F7602829F150E5000EE2EB /* Release */ = {
			isa = XCBuildConfiguration;
			baseConfigurationReference = 4A31B13545FE5768D8E8E71E /* Pods-Product.release.xcconfig */;
			buildSettings = {
				ASSETCATALOG_COMPILER_APPICON_NAME = AppIcon;
				ASSETCATALOG_COMPILER_GLOBAL_ACCENT_COLOR_NAME = AccentColor;
				CODE_SIGN_STYLE = Automatic;
				CURRENT_PROJECT_VERSION = 1;
				DEVELOPMENT_TEAM = TU4A85R5R3;
				GENERATE_INFOPLIST_FILE = YES;
				INFOPLIST_FILE = Product/Info.plist;
				INFOPLIST_KEY_UIApplicationSupportsIndirectInputEvents = YES;
				INFOPLIST_KEY_UILaunchStoryboardName = LaunchScreen;
				INFOPLIST_KEY_UIMainStoryboardFile = Main;
				INFOPLIST_KEY_UISupportedInterfaceOrientations_iPad = "UIInterfaceOrientationPortrait UIInterfaceOrientationPortraitUpsideDown UIInterfaceOrientationLandscapeLeft UIInterfaceOrientationLandscapeRight";
				INFOPLIST_KEY_UISupportedInterfaceOrientations_iPhone = "UIInterfaceOrientationPortrait UIInterfaceOrientationLandscapeLeft UIInterfaceOrientationLandscapeRight";
				LD_RUNPATH_SEARCH_PATHS = (
					"$(inherited)",
					"@executable_path/Frameworks",
				);
				MARKETING_VERSION = 1.0;
				PRODUCT_BUNDLE_IDENTIFIER = mark2.Product;
				PRODUCT_NAME = "$(TARGET_NAME)";
				SWIFT_EMIT_LOC_STRINGS = YES;
				SWIFT_VERSION = 5.0;
				TARGETED_DEVICE_FAMILY = "1,2";
			};
			name = Release;
		};
		04F7602A29F150E5000EE2EB /* Debug */ = {
			isa = XCBuildConfiguration;
			baseConfigurationReference = FE7E1F46006AC17874D32641 /* Pods-ProductTests.debug.xcconfig */;
			buildSettings = {
				ALWAYS_EMBED_SWIFT_STANDARD_LIBRARIES = YES;
				BUNDLE_LOADER = "$(TEST_HOST)";
				CODE_SIGN_STYLE = Automatic;
				CURRENT_PROJECT_VERSION = 1;
				DEVELOPMENT_TEAM = TU4A85R5R3;
				GENERATE_INFOPLIST_FILE = YES;
				IPHONEOS_DEPLOYMENT_TARGET = 16.1;
				MARKETING_VERSION = 1.0;
				PRODUCT_BUNDLE_IDENTIFIER = mark2.ProductTests;
				PRODUCT_NAME = "$(TARGET_NAME)";
				SWIFT_EMIT_LOC_STRINGS = NO;
				SWIFT_VERSION = 5.0;
				TARGETED_DEVICE_FAMILY = "1,2";
				TEST_HOST = "$(BUILT_PRODUCTS_DIR)/Product.app/$(BUNDLE_EXECUTABLE_FOLDER_PATH)/Product";
			};
			name = Debug;
		};
		04F7602B29F150E5000EE2EB /* Release */ = {
			isa = XCBuildConfiguration;
			baseConfigurationReference = 4F6C1D11E42E6806592659A5 /* Pods-ProductTests.release.xcconfig */;
			buildSettings = {
				ALWAYS_EMBED_SWIFT_STANDARD_LIBRARIES = YES;
				BUNDLE_LOADER = "$(TEST_HOST)";
				CODE_SIGN_STYLE = Automatic;
				CURRENT_PROJECT_VERSION = 1;
				DEVELOPMENT_TEAM = TU4A85R5R3;
				GENERATE_INFOPLIST_FILE = YES;
				IPHONEOS_DEPLOYMENT_TARGET = 16.1;
				MARKETING_VERSION = 1.0;
				PRODUCT_BUNDLE_IDENTIFIER = mark2.ProductTests;
				PRODUCT_NAME = "$(TARGET_NAME)";
				SWIFT_EMIT_LOC_STRINGS = NO;
				SWIFT_VERSION = 5.0;
				TARGETED_DEVICE_FAMILY = "1,2";
				TEST_HOST = "$(BUILT_PRODUCTS_DIR)/Product.app/$(BUNDLE_EXECUTABLE_FOLDER_PATH)/Product";
			};
			name = Release;
		};
		04F7602D29F150E5000EE2EB /* Debug */ = {
			isa = XCBuildConfiguration;
			baseConfigurationReference = 8361B3D993C7248138C60B40 /* Pods-Product-ProductUITests.debug.xcconfig */;
			buildSettings = {
				ALWAYS_EMBED_SWIFT_STANDARD_LIBRARIES = YES;
				CODE_SIGN_STYLE = Automatic;
				CURRENT_PROJECT_VERSION = 1;
				DEVELOPMENT_TEAM = TU4A85R5R3;
				GENERATE_INFOPLIST_FILE = YES;
				MARKETING_VERSION = 1.0;
				PRODUCT_BUNDLE_IDENTIFIER = mark2.ProductUITests;
				PRODUCT_NAME = "$(TARGET_NAME)";
				SWIFT_EMIT_LOC_STRINGS = NO;
				SWIFT_VERSION = 5.0;
				TARGETED_DEVICE_FAMILY = "1,2";
				TEST_TARGET_NAME = Product;
			};
			name = Debug;
		};
		04F7602E29F150E5000EE2EB /* Release */ = {
			isa = XCBuildConfiguration;
			baseConfigurationReference = 06A4C86240CE3C8DAF6818B6 /* Pods-Product-ProductUITests.release.xcconfig */;
			buildSettings = {
				ALWAYS_EMBED_SWIFT_STANDARD_LIBRARIES = YES;
				CODE_SIGN_STYLE = Automatic;
				CURRENT_PROJECT_VERSION = 1;
				DEVELOPMENT_TEAM = TU4A85R5R3;
				GENERATE_INFOPLIST_FILE = YES;
				MARKETING_VERSION = 1.0;
				PRODUCT_BUNDLE_IDENTIFIER = mark2.ProductUITests;
				PRODUCT_NAME = "$(TARGET_NAME)";
				SWIFT_EMIT_LOC_STRINGS = NO;
				SWIFT_VERSION = 5.0;
				TARGETED_DEVICE_FAMILY = "1,2";
				TEST_TARGET_NAME = Product;
			};
			name = Release;
		};
/* End XCBuildConfiguration section */

/* Begin XCConfigurationList section */
		04F75FF729F150E2000EE2EB /* Build configuration list for PBXProject "Product" */ = {
			isa = XCConfigurationList;
			buildConfigurations = (
				04F7602429F150E5000EE2EB /* Debug */,
				04F7602529F150E5000EE2EB /* Release */,
			);
			defaultConfigurationIsVisible = 0;
			defaultConfigurationName = Release;
		};
		04F7602629F150E5000EE2EB /* Build configuration list for PBXNativeTarget "Product" */ = {
			isa = XCConfigurationList;
			buildConfigurations = (
				04F7602729F150E5000EE2EB /* Debug */,
				04F7602829F150E5000EE2EB /* Release */,
			);
			defaultConfigurationIsVisible = 0;
			defaultConfigurationName = Release;
		};
		04F7602929F150E5000EE2EB /* Build configuration list for PBXNativeTarget "ProductTests" */ = {
			isa = XCConfigurationList;
			buildConfigurations = (
				04F7602A29F150E5000EE2EB /* Debug */,
				04F7602B29F150E5000EE2EB /* Release */,
			);
			defaultConfigurationIsVisible = 0;
			defaultConfigurationName = Release;
		};
		04F7602C29F150E5000EE2EB /* Build configuration list for PBXNativeTarget "ProductUITests" */ = {
			isa = XCConfigurationList;
			buildConfigurations = (
				04F7602D29F150E5000EE2EB /* Debug */,
				04F7602E29F150E5000EE2EB /* Release */,
			);
			defaultConfigurationIsVisible = 0;
			defaultConfigurationName = Release;
		};
/* End XCConfigurationList section */
	};
	rootObject = 04F75FF429F150E2000EE2EB /* Project object */;
}
